
Microsoft Visual Studio Solution File, Format Version 12.00
# Visual Studio 15
VisualStudioVersion = 15.0.26124.0
MinimumVisualStudioVersion = 15.0.26124.0
Project("{FAE04EC0-301F-11D3-BF4B-00C04F79EFBC}") = "tiendadotnet", "tiendadotnet\tiendadotnet.csproj", "{CF915057-A8E2-43ED-8BEC-DA9D43BCDB38}"
EndProject
Project("{FAE04EC0-301F-11D3-BF4B-00C04F79EFBC}") = "Datos", "Datos\Datos.csproj", "{1B8A56E4-1B83-499C-9A2E-0626E903326F}"
EndProject
Project("{FAE04EC0-301F-11D3-BF4B-00C04F79EFBC}") = "Logica", "Logica\Logica.csproj", "{7D20A742-D059-43F7-A897-2FD95DD385DC}"
EndProject
Project("{FAE04EC0-301F-11D3-BF4B-00C04F79EFBC}") = "Entity", "Entity\Entity.csproj", "{CFB9BC04-E61B-4F97-A2E2-A36203839D49}"
EndProject
Global
	GlobalSection(SolutionConfigurationPlatforms) = preSolution
		Debug|Any CPU = Debug|Any CPU
		Debug|x64 = Debug|x64
		Debug|x86 = Debug|x86
		Release|Any CPU = Release|Any CPU
		Release|x64 = Release|x64
		Release|x86 = Release|x86
	EndGlobalSection
	GlobalSection(SolutionProperties) = preSolution
		HideSolutionNode = FALSE
	EndGlobalSection
	GlobalSection(ProjectConfigurationPlatforms) = postSolution
		{CF915057-A8E2-43ED-8BEC-DA9D43BCDB38}.Debug|Any CPU.ActiveCfg = Debug|Any CPU
		{CF915057-A8E2-43ED-8BEC-DA9D43BCDB38}.Debug|Any CPU.Build.0 = Debug|Any CPU
		{CF915057-A8E2-43ED-8BEC-DA9D43BCDB38}.Debug|x64.ActiveCfg = Debug|Any CPU
		{CF915057-A8E2-43ED-8BEC-DA9D43BCDB38}.Debug|x64.Build.0 = Debug|Any CPU
		{CF915057-A8E2-43ED-8BEC-DA9D43BCDB38}.Debug|x86.ActiveCfg = Debug|Any CPU
		{CF915057-A8E2-43ED-8BEC-DA9D43BCDB38}.Debug|x86.Build.0 = Debug|Any CPU
		{CF915057-A8E2-43ED-8BEC-DA9D43BCDB38}.Release|Any CPU.ActiveCfg = Release|Any CPU
		{CF915057-A8E2-43ED-8BEC-DA9D43BCDB38}.Release|Any CPU.Build.0 = Release|Any CPU
		{CF915057-A8E2-43ED-8BEC-DA9D43BCDB38}.Release|x64.ActiveCfg = Release|Any CPU
		{CF915057-A8E2-43ED-8BEC-DA9D43BCDB38}.Release|x64.Build.0 = Release|Any CPU
		{CF915057-A8E2-43ED-8BEC-DA9D43BCDB38}.Release|x86.ActiveCfg = Release|Any CPU
		{CF915057-A8E2-43ED-8BEC-DA9D43BCDB38}.Release|x86.Build.0 = Release|Any CPU
		{1B8A56E4-1B83-499C-9A2E-0626E903326F}.Debug|Any CPU.ActiveCfg = Debug|Any CPU
		{1B8A56E4-1B83-499C-9A2E-0626E903326F}.Debug|Any CPU.Build.0 = Debug|Any CPU
		{1B8A56E4-1B83-499C-9A2E-0626E903326F}.Debug|x64.ActiveCfg = Debug|Any CPU
		{1B8A56E4-1B83-499C-9A2E-0626E903326F}.Debug|x64.Build.0 = Debug|Any CPU
		{1B8A56E4-1B83-499C-9A2E-0626E903326F}.Debug|x86.ActiveCfg = Debug|Any CPU
		{1B8A56E4-1B83-499C-9A2E-0626E903326F}.Debug|x86.Build.0 = Debug|Any CPU
		{1B8A56E4-1B83-499C-9A2E-0626E903326F}.Release|Any CPU.ActiveCfg = Release|Any CPU
		{1B8A56E4-1B83-499C-9A2E-0626E903326F}.Release|Any CPU.Build.0 = Release|Any CPU
		{1B8A56E4-1B83-499C-9A2E-0626E903326F}.Release|x64.ActiveCfg = Release|Any CPU
		{1B8A56E4-1B83-499C-9A2E-0626E903326F}.Release|x64.Build.0 = Release|Any CPU
		{1B8A56E4-1B83-499C-9A2E-0626E903326F}.Release|x86.ActiveCfg = Release|Any CPU
		{1B8A56E4-1B83-499C-9A2E-0626E903326F}.Release|x86.Build.0 = Release|Any CPU
		{7D20A742-D059-43F7-A897-2FD95DD385DC}.Debug|Any CPU.ActiveCfg = Debug|Any CPU
		{7D20A742-D059-43F7-A897-2FD95DD385DC}.Debug|Any CPU.Build.0 = Debug|Any CPU
		{7D20A742-D059-43F7-A897-2FD95DD385DC}.Debug|x64.ActiveCfg = Debug|Any CPU
		{7D20A742-D059-43F7-A897-2FD95DD385DC}.Debug|x64.Build.0 = Debug|Any CPU
		{7D20A742-D059-43F7-A897-2FD95DD385DC}.Debug|x86.ActiveCfg = Debug|Any CPU
		{7D20A742-D059-43F7-A897-2FD95DD385DC}.Debug|x86.Build.0 = Debug|Any CPU
		{7D20A742-D059-43F7-A897-2FD95DD385DC}.Release|Any CPU.ActiveCfg = Release|Any CPU
		{7D20A742-D059-43F7-A897-2FD95DD385DC}.Release|Any CPU.Build.0 = Release|Any CPU
		{7D20A742-D059-43F7-A897-2FD95DD385DC}.Release|x64.ActiveCfg = Release|Any CPU
		{7D20A742-D059-43F7-A897-2FD95DD385DC}.Release|x64.Build.0 = Release|Any CPU
		{7D20A742-D059-43F7-A897-2FD95DD385DC}.Release|x86.ActiveCfg = Release|Any CPU
		{7D20A742-D059-43F7-A897-2FD95DD385DC}.Release|x86.Build.0 = Release|Any CPU
		{CFB9BC04-E61B-4F97-A2E2-A36203839D49}.Debug|Any CPU.ActiveCfg = Debug|Any CPU
		{CFB9BC04-E61B-4F97-A2E2-A36203839D49}.Debug|Any CPU.Build.0 = Debug|Any CPU
		{CFB9BC04-E61B-4F97-A2E2-A36203839D49}.Debug|x64.ActiveCfg = Debug|Any CPU
		{CFB9BC04-E61B-4F97-A2E2-A36203839D49}.Debug|x64.Build.0 = Debug|Any CPU
		{CFB9BC04-E61B-4F97-A2E2-A36203839D49}.Debug|x86.ActiveCfg = Debug|Any CPU
		{CFB9BC04-E61B-4F97-A2E2-A36203839D49}.Debug|x86.Build.0 = Debug|Any CPU
		{CFB9BC04-E61B-4F97-A2E2-A36203839D49}.Release|Any CPU.ActiveCfg = Release|Any CPU
		{CFB9BC04-E61B-4F97-A2E2-A36203839D49}.Release|Any CPU.Build.0 = Release|Any CPU
		{CFB9BC04-E61B-4F97-A2E2-A36203839D49}.Release|x64.ActiveCfg = Release|Any CPU
		{CFB9BC04-E61B-4F97-A2E2-A36203839D49}.Release|x64.Build.0 = Release|Any CPU
		{CFB9BC04-E61B-4F97-A2E2-A36203839D49}.Release|x86.ActiveCfg = Release|Any CPU
		{CFB9BC04-E61B-4F97-A2E2-A36203839D49}.Release|x86.Build.0 = Release|Any CPU
	EndGlobalSection
EndGlobal
